# THIS IS AN AUTOGENERATED FILE. DO NOT EDIT THIS FILE DIRECTLY.
# yarn lockfile v1
bluebird:
  version "3.4.6"
  resolved "https://registry.yarnpkg.com/bluebird/-/bluebird-3.4.6.tgz#01da8d821d87813d158967e743d5fe6c62cf8c0f"

consul:
  version "0.27.0"
  resolved "https://registry.yarnpkg.com/consul/-/consul-0.27.0.tgz#3d8c88c2a0d875369afc46098830499528fc74c4"
  dependencies:
    papi "^0.27.0"

debug:
  version "2.2.0"
  resolved "https://registry.yarnpkg.com/debug/-/debug-2.2.0.tgz#f87057e995b1a1f6ae6a4960664137bc56f039da"
  dependencies:
    ms "0.7.1"

ms@0.7.1:
  version "0.7.1"
  resolved "https://registry.yarnpkg.com/ms/-/ms-0.7.1.tgz#9cd13c03adbff25b65effde7ce864ee952017098"

papi@^0.27.0:
  version "0.27.0"
  resolved "https://registry.yarnpkg.com/papi/-/papi-0.27.0.tgz#7392a38ebefa7fb67e98b363bca3d136827caf28"

